{
  "markbot": "27345df9ab2c57de756bd4cad2b26aa92a294fb689ff0229fffaaeca59b66ee1",
  "index-320.png": "98c09741e0387a76dcc7da9a6967bd9699eeb04275f453f0fea41934e7b69e93",
  "index-400.png": "fc3359d3282367e265f5915bb0c426920ccfbc499e2e20e6194cdc52fb6064bf",
  "index-608.png": "b70bde74a1a623512579c4f5fc476006187951bad4df8b75e1ffe82eed2b1fd4",
  "index-960.png": "e54ba1024f9d0f47e17f7b10a916e2a35fa38b160df3b128926d25e5cdc2b796",
  "index-1440.png": "e8f8afa8a3d6b94b62087f8d18283fd10891f29ffe9537bccf0ab0d2c0b50504"
}